
Microsoft Visual Studio Solution File, Format Version 12.00
# Visual Studio Version 17
VisualStudioVersion = 17.9.34607.119
MinimumVisualStudioVersion = 10.0.40219.1
Project("{FAE04EC0-301F-11D3-BF4B-00C04F79EFBC}") = "Week1", "Week1\Week1.csproj", "{16451A6D-5825-4BE4-A190-19F39ECF648F}"
EndProject
Global
	GlobalSection(SolutionConfigurationPlatforms) = preSolution
		Debug|Any CPU = Debug|Any CPU
		Release|Any CPU = Release|Any CPU
	EndGlobalSection
	GlobalSection(ProjectConfigurationPlatforms) = postSolution
		{16451A6D-5825-4BE4-A190-19F39ECF648F}.Debug|Any CPU.ActiveCfg = Debug|Any CPU
		{16451A6D-5825-4BE4-A190-19F39ECF648F}.Debug|Any CPU.Build.0 = Debug|Any CPU
		{16451A6D-5825-4BE4-A190-19F39ECF648F}.Release|Any CPU.ActiveCfg = Release|Any CPU
		{16451A6D-5825-4BE4-A190-19F39ECF648F}.Release|Any CPU.Build.0 = Release|Any CPU
	EndGlobalSection
	GlobalSection(SolutionProperties) = preSolution
		HideSolutionNode = FALSE
	EndGlobalSection
	GlobalSection(ExtensibilityGlobals) = postSolution
		SolutionGuid = {3DC87D5C-6827-47A3-8189-59562FE0F8DE}
	EndGlobalSection
EndGlobal
